// !$*UTF8*$!
{
	archiveVersion = 1;
	classes = {
	};
	objectVersion = 56;
	objects = {

/* Begin PBXBuildFile section */
		50099F0C2A2500F400F5218D /* AppDelegate.swift in Sources */ = {isa = PBXBuildFile; fileRef = 50099F0B2A2500F400F5218D /* AppDelegate.swift */; };
		50099F102A2500F400F5218D /* MainPage.swift in Sources */ = {isa = PBXBuildFile; fileRef = 50099F0F2A2500F400F5218D /* MainPage.swift */; };
		50099F152A2500F700F5218D /* Assets.xcassets in Resources */ = {isa = PBXBuildFile; fileRef = 50099F142A2500F700F5218D /* Assets.xcassets */; };
		50099F182A2500F700F5218D /* LaunchScreen.storyboard in Resources */ = {isa = PBXBuildFile; fileRef = 50099F162A2500F700F5218D /* LaunchScreen.storyboard */; };
		508DDBD32A25D0E5004414AD /* CoordinatorProtocol.swift in Sources */ = {isa = PBXBuildFile; fileRef = 508DDBD22A25D0E5004414AD /* CoordinatorProtocol.swift */; };
		508DDBD52A25D13B004414AD /* AppCoordinator.swift in Sources */ = {isa = PBXBuildFile; fileRef = 508DDBD42A25D13B004414AD /* AppCoordinator.swift */; };
		508DDBD72A25D312004414AD /* FavoritesPage.swift in Sources */ = {isa = PBXBuildFile; fileRef = 508DDBD62A25D312004414AD /* FavoritesPage.swift */; };
		508DDBDA2A25D4FD004414AD /* VCFactory.swift in Sources */ = {isa = PBXBuildFile; fileRef = 508DDBD92A25D4FD004414AD /* VCFactory.swift */; };
		DB5A888A2A266FBE0091F6EA /* MainPageView.swift in Sources */ = {isa = PBXBuildFile; fileRef = DB5A88892A266FBE0091F6EA /* MainPageView.swift */; };
		DB5A888D2A2675700091F6EA /* MainPageViewModel.swift in Sources */ = {isa = PBXBuildFile; fileRef = DB5A888C2A2675700091F6EA /* MainPageViewModel.swift */; };
		DB5A888F2A2675AE0091F6EA /* MainPageViewModelProtocol.swift in Sources */ = {isa = PBXBuildFile; fileRef = DB5A888E2A2675AE0091F6EA /* MainPageViewModelProtocol.swift */; };
		DB5A88942A2681FF0091F6EA /* NetworkService.swift in Sources */ = {isa = PBXBuildFile; fileRef = DB5A88932A2681FF0091F6EA /* NetworkService.swift */; };
		DB5A88972A2689850091F6EA /* DownloadResult.swift in Sources */ = {isa = PBXBuildFile; fileRef = DB5A88962A2689850091F6EA /* DownloadResult.swift */; };
		DB5A88992A268D1B0091F6EA /* FileService.swift in Sources */ = {isa = PBXBuildFile; fileRef = DB5A88982A268D1B0091F6EA /* FileService.swift */; };
		DB68462E2A271A29006BB3A5 /* Dynamic.swift in Sources */ = {isa = PBXBuildFile; fileRef = DB68462D2A271A29006BB3A5 /* Dynamic.swift */; };
		DB6846332A272ECC006BB3A5 /* FavoritesPageViewModel.swift in Sources */ = {isa = PBXBuildFile; fileRef = DB6846322A272ECC006BB3A5 /* FavoritesPageViewModel.swift */; };
		DB6846352A272ED5006BB3A5 /* FavoritesPageViewModelProtocol.swift in Sources */ = {isa = PBXBuildFile; fileRef = DB6846342A272ED5006BB3A5 /* FavoritesPageViewModelProtocol.swift */; };
		DB6846372A273482006BB3A5 /* FavoritesTableViewCell.swift in Sources */ = {isa = PBXBuildFile; fileRef = DB6846362A273482006BB3A5 /* FavoritesTableViewCell.swift */; };
		DB68463A2A27602C006BB3A5 /* Favorite.swift in Sources */ = {isa = PBXBuildFile; fileRef = DB6846392A27602C006BB3A5 /* Favorite.swift */; };
		DB68463C2A2762A0006BB3A5 /* FavoriteEnviroment.swift in Sources */ = {isa = PBXBuildFile; fileRef = DB68463B2A2762A0006BB3A5 /* FavoriteEnviroment.swift */; };
		DB68463E2A27635F006BB3A5 /* Deque + LL.swift in Sources */ = {isa = PBXBuildFile; fileRef = DB68463D2A27635F006BB3A5 /* Deque + LL.swift */; };
		DB7303862A27CEC600C55FB4 /* RAYTests.swift in Sources */ = {isa = PBXBuildFile; fileRef = DB7303852A27CEC600C55FB4 /* RAYTests.swift */; };
		DB73038D2A27D31200C55FB4 /* MockNetworkService.swift in Sources */ = {isa = PBXBuildFile; fileRef = DB73038C2A27D31200C55FB4 /* MockNetworkService.swift */; };
		DB73038F2A27D32B00C55FB4 /* MockFavoriteEnviroment.swift in Sources */ = {isa = PBXBuildFile; fileRef = DB73038E2A27D32B00C55FB4 /* MockFavoriteEnviroment.swift */; };
		DB7303912A27D42F00C55FB4 /* MockFileService.swift in Sources */ = {isa = PBXBuildFile; fileRef = DB7303902A27D42F00C55FB4 /* MockFileService.swift */; };
		DB7303942A27D90B00C55FB4 /* URLSessionDataTask.swift in Sources */ = {isa = PBXBuildFile; fileRef = DB7303932A27D90B00C55FB4 /* URLSessionDataTask.swift */; };
		DBAA28342A27E007009AFEA5 /* RAYUITests.swift in Sources */ = {isa = PBXBuildFile; fileRef = DBAA28332A27E007009AFEA5 /* RAYUITests.swift */; };
		DBAA28362A27E007009AFEA5 /* RAYUITestsLaunchTests.swift in Sources */ = {isa = PBXBuildFile; fileRef = DBAA28352A27E007009AFEA5 /* RAYUITestsLaunchTests.swift */; };
/* End PBXBuildFile section */

/* Begin PBXContainerItemProxy section */
		DB7303872A27CEC600C55FB4 /* PBXContainerItemProxy */ = {
			isa = PBXContainerItemProxy;
			containerPortal = 50099F002A2500F400F5218D /* Project object */;
			proxyType = 1;
			remoteGlobalIDString = 50099F072A2500F400F5218D;
			remoteInfo = RAY;
		};
		DBAA28372A27E007009AFEA5 /* PBXContainerItemProxy */ = {
			isa = PBXContainerItemProxy;
			containerPortal = 50099F002A2500F400F5218D /* Project object */;
			proxyType = 1;
			remoteGlobalIDString = 50099F072A2500F400F5218D;
			remoteInfo = RAY;
		};
/* End PBXContainerItemProxy section */

/* Begin PBXFileReference section */
		50099F082A2500F400F5218D /* RAY.app */ = {isa = PBXFileReference; explicitFileType = wrapper.application; includeInIndex = 0; path = RAY.app; sourceTree = BUILT_PRODUCTS_DIR; };
		50099F0B2A2500F400F5218D /* AppDelegate.swift */ = {isa = PBXFileReference; lastKnownFileType = sourcecode.swift; path = AppDelegate.swift; sourceTree = "<group>"; };
		50099F0F2A2500F400F5218D /* MainPage.swift */ = {isa = PBXFileReference; lastKnownFileType = sourcecode.swift; path = MainPage.swift; sourceTree = "<group>"; };
		50099F142A2500F700F5218D /* Assets.xcassets */ = {isa = PBXFileReference; lastKnownFileType = folder.assetcatalog; path = Assets.xcassets; sourceTree = "<group>"; };
		50099F172A2500F700F5218D /* Base */ = {isa = PBXFileReference; lastKnownFileType = file.storyboard; name = Base; path = Base.lproj/LaunchScreen.storyboard; sourceTree = "<group>"; };
		50099F192A2500F700F5218D /* Info.plist */ = {isa = PBXFileReference; lastKnownFileType = text.plist.xml; path = Info.plist; sourceTree = "<group>"; };
		50099F1F2A25012000F5218D /* Task1.playground */ = {isa = PBXFileReference; lastKnownFileType = file.playground; path = Task1.playground; sourceTree = "<group>"; xcLanguageSpecificationIdentifier = xcode.lang.swift; };
		508DDBD22A25D0E5004414AD /* CoordinatorProtocol.swift */ = {isa = PBXFileReference; lastKnownFileType = sourcecode.swift; path = CoordinatorProtocol.swift; sourceTree = "<group>"; };
		508DDBD42A25D13B004414AD /* AppCoordinator.swift */ = {isa = PBXFileReference; lastKnownFileType = sourcecode.swift; path = AppCoordinator.swift; sourceTree = "<group>"; };
		508DDBD62A25D312004414AD /* FavoritesPage.swift */ = {isa = PBXFileReference; lastKnownFileType = sourcecode.swift; path = FavoritesPage.swift; sourceTree = "<group>"; };
		508DDBD92A25D4FD004414AD /* VCFactory.swift */ = {isa = PBXFileReference; lastKnownFileType = sourcecode.swift; path = VCFactory.swift; sourceTree = "<group>"; };
		DB5A88892A266FBE0091F6EA /* MainPageView.swift */ = {isa = PBXFileReference; lastKnownFileType = sourcecode.swift; path = MainPageView.swift; sourceTree = "<group>"; };
		DB5A888C2A2675700091F6EA /* MainPageViewModel.swift */ = {isa = PBXFileReference; lastKnownFileType = sourcecode.swift; path = MainPageViewModel.swift; sourceTree = "<group>"; };
		DB5A888E2A2675AE0091F6EA /* MainPageViewModelProtocol.swift */ = {isa = PBXFileReference; lastKnownFileType = sourcecode.swift; path = MainPageViewModelProtocol.swift; sourceTree = "<group>"; };
		DB5A88932A2681FF0091F6EA /* NetworkService.swift */ = {isa = PBXFileReference; lastKnownFileType = sourcecode.swift; path = NetworkService.swift; sourceTree = "<group>"; };
		DB5A88962A2689850091F6EA /* DownloadResult.swift */ = {isa = PBXFileReference; lastKnownFileType = sourcecode.swift; path = DownloadResult.swift; sourceTree = "<group>"; };
		DB5A88982A268D1B0091F6EA /* FileService.swift */ = {isa = PBXFileReference; lastKnownFileType = sourcecode.swift; path = FileService.swift; sourceTree = "<group>"; };
		DB68462D2A271A29006BB3A5 /* Dynamic.swift */ = {isa = PBXFileReference; lastKnownFileType = sourcecode.swift; path = Dynamic.swift; sourceTree = "<group>"; };
		DB6846322A272ECC006BB3A5 /* FavoritesPageViewModel.swift */ = {isa = PBXFileReference; lastKnownFileType = sourcecode.swift; path = FavoritesPageViewModel.swift; sourceTree = "<group>"; };
		DB6846342A272ED5006BB3A5 /* FavoritesPageViewModelProtocol.swift */ = {isa = PBXFileReference; lastKnownFileType = sourcecode.swift; path = FavoritesPageViewModelProtocol.swift; sourceTree = "<group>"; };
		DB6846362A273482006BB3A5 /* FavoritesTableViewCell.swift */ = {isa = PBXFileReference; lastKnownFileType = sourcecode.swift; path = FavoritesTableViewCell.swift; sourceTree = "<group>"; };
		DB6846392A27602C006BB3A5 /* Favorite.swift */ = {isa = PBXFileReference; lastKnownFileType = sourcecode.swift; path = Favorite.swift; sourceTree = "<group>"; };
		DB68463B2A2762A0006BB3A5 /* FavoriteEnviroment.swift */ = {isa = PBXFileReference; lastKnownFileType = sourcecode.swift; path = FavoriteEnviroment.swift; sourceTree = "<group>"; };
		DB68463D2A27635F006BB3A5 /* Deque + LL.swift */ = {isa = PBXFileReference; lastKnownFileType = sourcecode.swift; path = "Deque + LL.swift"; sourceTree = "<group>"; };
		DB7303832A27CEC600C55FB4 /* RAYTests.xctest */ = {isa = PBXFileReference; explicitFileType = wrapper.cfbundle; includeInIndex = 0; path = RAYTests.xctest; sourceTree = BUILT_PRODUCTS_DIR; };
		DB7303852A27CEC600C55FB4 /* RAYTests.swift */ = {isa = PBXFileReference; lastKnownFileType = sourcecode.swift; path = RAYTests.swift; sourceTree = "<group>"; };
		DB73038C2A27D31200C55FB4 /* MockNetworkService.swift */ = {isa = PBXFileReference; lastKnownFileType = sourcecode.swift; path = MockNetworkService.swift; sourceTree = "<group>"; };
		DB73038E2A27D32B00C55FB4 /* MockFavoriteEnviroment.swift */ = {isa = PBXFileReference; lastKnownFileType = sourcecode.swift; path = MockFavoriteEnviroment.swift; sourceTree = "<group>"; };
		DB7303902A27D42F00C55FB4 /* MockFileService.swift */ = {isa = PBXFileReference; lastKnownFileType = sourcecode.swift; path = MockFileService.swift; sourceTree = "<group>"; };
		DB7303932A27D90B00C55FB4 /* URLSessionDataTask.swift */ = {isa = PBXFileReference; lastKnownFileType = sourcecode.swift; path = URLSessionDataTask.swift; sourceTree = "<group>"; };
		DBAA28312A27E007009AFEA5 /* RAYUITests.xctest */ = {isa = PBXFileReference; explicitFileType = wrapper.cfbundle; includeInIndex = 0; path = RAYUITests.xctest; sourceTree = BUILT_PRODUCTS_DIR; };
		DBAA28332A27E007009AFEA5 /* RAYUITests.swift */ = {isa = PBXFileReference; lastKnownFileType = sourcecode.swift; path = RAYUITests.swift; sourceTree = "<group>"; };
		DBAA28352A27E007009AFEA5 /* RAYUITestsLaunchTests.swift */ = {isa = PBXFileReference; lastKnownFileType = sourcecode.swift; path = RAYUITestsLaunchTests.swift; sourceTree = "<group>"; };
		DBD801F22A27F7ED00474D15 /* RAYTestPlan.xctestplan */ = {isa = PBXFileReference; lastKnownFileType = text; path = RAYTestPlan.xctestplan; sourceTree = "<group>"; };
/* End PBXFileReference section */

/* Begin PBXFrameworksBuildPhase section */
		50099F052A2500F400F5218D /* Frameworks */ = {
			isa = PBXFrameworksBuildPhase;
			buildActionMask = 2147483647;
			files = (
			);
			runOnlyForDeploymentPostprocessing = 0;
		};
		DB7303802A27CEC600C55FB4 /* Frameworks */ = {
			isa = PBXFrameworksBuildPhase;
			buildActionMask = 2147483647;
			files = (
			);
			runOnlyForDeploymentPostprocessing = 0;
		};
		DBAA282E2A27E007009AFEA5 /* Frameworks */ = {
			isa = PBXFrameworksBuildPhase;
			buildActionMask = 2147483647;
			files = (
			);
			runOnlyForDeploymentPostprocessing = 0;
		};
/* End PBXFrameworksBuildPhase section */

/* Begin PBXGroup section */
		50099EFF2A2500F400F5218D = {
			isa = PBXGroup;
			children = (
				DBD801F22A27F7ED00474D15 /* RAYTestPlan.xctestplan */,
				50099F1F2A25012000F5218D /* Task1.playground */,
				50099F0A2A2500F400F5218D /* RAY */,
				DB7303842A27CEC600C55FB4 /* RAYTests */,
				DBAA28322A27E007009AFEA5 /* RAYUITests */,
				50099F092A2500F400F5218D /* Products */,
			);
			sourceTree = "<group>";
		};
		50099F092A2500F400F5218D /* Products */ = {
			isa = PBXGroup;
			children = (
				50099F082A2500F400F5218D /* RAY.app */,
				DB7303832A27CEC600C55FB4 /* RAYTests.xctest */,
				DBAA28312A27E007009AFEA5 /* RAYUITests.xctest */,
			);
			name = Products;
			sourceTree = "<group>";
		};
		50099F0A2A2500F400F5218D /* RAY */ = {
			isa = PBXGroup;
			children = (
				DB68462C2A271A1D006BB3A5 /* Core */,
				DB5A88922A2681F10091F6EA /* Services */,
				508DDBDC2A25D54A004414AD /* MainFlow */,
				508DDBD82A25D4ED004414AD /* Factories */,
				508DDBD12A25D0CF004414AD /* Coordinators */,
				50099F0B2A2500F400F5218D /* AppDelegate.swift */,
				50099F142A2500F700F5218D /* Assets.xcassets */,
				50099F162A2500F700F5218D /* LaunchScreen.storyboard */,
				50099F192A2500F700F5218D /* Info.plist */,
			);
			path = RAY;
			sourceTree = "<group>";
		};
		508DDBD12A25D0CF004414AD /* Coordinators */ = {
			isa = PBXGroup;
			children = (
				508DDBD22A25D0E5004414AD /* CoordinatorProtocol.swift */,
			);
			path = Coordinators;
			sourceTree = "<group>";
		};
		508DDBD82A25D4ED004414AD /* Factories */ = {
			isa = PBXGroup;
			children = (
				508DDBD92A25D4FD004414AD /* VCFactory.swift */,
			);
			path = Factories;
			sourceTree = "<group>";
		};
		508DDBDB2A25D53D004414AD /* MainPage */ = {
			isa = PBXGroup;
			children = (
				DB5A88952A2689740091F6EA /* Model */,
				DB5A888B2A26755C0091F6EA /* ViewModel */,
				DB5A88862A266F880091F6EA /* View */,
			);
			path = MainPage;
			sourceTree = "<group>";
		};
		508DDBDC2A25D54A004414AD /* MainFlow */ = {
			isa = PBXGroup;
			children = (
				508DDBD42A25D13B004414AD /* AppCoordinator.swift */,
				508DDBDD2A25D55F004414AD /* Favorites */,
				508DDBDB2A25D53D004414AD /* MainPage */,
			);
			path = MainFlow;
			sourceTree = "<group>";
		};
		508DDBDD2A25D55F004414AD /* Favorites */ = {
			isa = PBXGroup;
			children = (
				DB6846382A276021006BB3A5 /* Model */,
				DB6846312A272EB1006BB3A5 /* ViewModel */,
				DB68462F2A272EA3006BB3A5 /* View */,
			);
			path = Favorites;
			sourceTree = "<group>";
		};
		DB5A88862A266F880091F6EA /* View */ = {
			isa = PBXGroup;
			children = (
				50099F0F2A2500F400F5218D /* MainPage.swift */,
				DB5A88892A266FBE0091F6EA /* MainPageView.swift */,
			);
			path = View;
			sourceTree = "<group>";
		};
		DB5A888B2A26755C0091F6EA /* ViewModel */ = {
			isa = PBXGroup;
			children = (
				DB5A888C2A2675700091F6EA /* MainPageViewModel.swift */,
				DB5A888E2A2675AE0091F6EA /* MainPageViewModelProtocol.swift */,
			);
			path = ViewModel;
			sourceTree = "<group>";
		};
		DB5A88922A2681F10091F6EA /* Services */ = {
			isa = PBXGroup;
			children = (
				DB5A88932A2681FF0091F6EA /* NetworkService.swift */,
				DB5A88982A268D1B0091F6EA /* FileService.swift */,
				DB68463B2A2762A0006BB3A5 /* FavoriteEnviroment.swift */,
			);
			path = Services;
			sourceTree = "<group>";
		};
		DB5A88952A2689740091F6EA /* Model */ = {
			isa = PBXGroup;
			children = (
				DB5A88962A2689850091F6EA /* DownloadResult.swift */,
			);
			path = Model;
			sourceTree = "<group>";
		};
		DB68462C2A271A1D006BB3A5 /* Core */ = {
			isa = PBXGroup;
			children = (
				DB7303922A27D8FE00C55FB4 /* Extensions */,
				DB68462D2A271A29006BB3A5 /* Dynamic.swift */,
				DB68463D2A27635F006BB3A5 /* Deque + LL.swift */,
			);
			path = Core;
			sourceTree = "<group>";
		};
		DB68462F2A272EA3006BB3A5 /* View */ = {
			isa = PBXGroup;
			children = (
				508DDBD62A25D312004414AD /* FavoritesPage.swift */,
				DB6846362A273482006BB3A5 /* FavoritesTableViewCell.swift */,
			);
			path = View;
			sourceTree = "<group>";
		};
		DB6846312A272EB1006BB3A5 /* ViewModel */ = {
			isa = PBXGroup;
			children = (
				DB6846322A272ECC006BB3A5 /* FavoritesPageViewModel.swift */,
				DB6846342A272ED5006BB3A5 /* FavoritesPageViewModelProtocol.swift */,
			);
			path = ViewModel;
			sourceTree = "<group>";
		};
		DB6846382A276021006BB3A5 /* Model */ = {
			isa = PBXGroup;
			children = (
				DB6846392A27602C006BB3A5 /* Favorite.swift */,
			);
			path = Model;
			sourceTree = "<group>";
		};
		DB7303842A27CEC600C55FB4 /* RAYTests */ = {
			isa = PBXGroup;
			children = (
				DB7303852A27CEC600C55FB4 /* RAYTests.swift */,
				DB73038C2A27D31200C55FB4 /* MockNetworkService.swift */,
				DB73038E2A27D32B00C55FB4 /* MockFavoriteEnviroment.swift */,
				DB7303902A27D42F00C55FB4 /* MockFileService.swift */,
			);
			path = RAYTests;
			sourceTree = "<group>";
		};
		DB7303922A27D8FE00C55FB4 /* Extensions */ = {
			isa = PBXGroup;
			children = (
				DB7303932A27D90B00C55FB4 /* URLSessionDataTask.swift */,
			);
			path = Extensions;
			sourceTree = "<group>";
		};
		DBAA28322A27E007009AFEA5 /* RAYUITests */ = {
			isa = PBXGroup;
			children = (
				DBAA28332A27E007009AFEA5 /* RAYUITests.swift */,
				DBAA28352A27E007009AFEA5 /* RAYUITestsLaunchTests.swift */,
			);
			path = RAYUITests;
			sourceTree = "<group>";
		};
/* End PBXGroup section */

/* Begin PBXNativeTarget section */
		50099F072A2500F400F5218D /* RAY */ = {
			isa = PBXNativeTarget;
			buildConfigurationList = 50099F1C2A2500F700F5218D /* Build configuration list for PBXNativeTarget "RAY" */;
			buildPhases = (
				50099F042A2500F400F5218D /* Sources */,
				50099F052A2500F400F5218D /* Frameworks */,
				50099F062A2500F400F5218D /* Resources */,
			);
			buildRules = (
			);
			dependencies = (
			);
			name = RAY;
			productName = RAY;
			productReference = 50099F082A2500F400F5218D /* RAY.app */;
			productType = "com.apple.product-type.application";
		};
		DB7303822A27CEC600C55FB4 /* RAYTests */ = {
			isa = PBXNativeTarget;
			buildConfigurationList = DB7303892A27CEC600C55FB4 /* Build configuration list for PBXNativeTarget "RAYTests" */;
			buildPhases = (
				DB73037F2A27CEC600C55FB4 /* Sources */,
				DB7303802A27CEC600C55FB4 /* Frameworks */,
				DB7303812A27CEC600C55FB4 /* Resources */,
			);
			buildRules = (
			);
			dependencies = (
				DB7303882A27CEC600C55FB4 /* PBXTargetDependency */,
			);
			name = RAYTests;
			productName = RAYTests;
			productReference = DB7303832A27CEC600C55FB4 /* RAYTests.xctest */;
			productType = "com.apple.product-type.bundle.unit-test";
		};
		DBAA28302A27E007009AFEA5 /* RAYUITests */ = {
			isa = PBXNativeTarget;
			buildConfigurationList = DBAA28392A27E007009AFEA5 /* Build configuration list for PBXNativeTarget "RAYUITests" */;
			buildPhases = (
				DBAA282D2A27E007009AFEA5 /* Sources */,
				DBAA282E2A27E007009AFEA5 /* Frameworks */,
				DBAA282F2A27E007009AFEA5 /* Resources */,
			);
			buildRules = (
			);
			dependencies = (
				DBAA28382A27E007009AFEA5 /* PBXTargetDependency */,
			);
			name = RAYUITests;
			productName = RAYUITests;
			productReference = DBAA28312A27E007009AFEA5 /* RAYUITests.xctest */;
			productType = "com.apple.product-type.bundle.ui-testing";
		};
/* End PBXNativeTarget section */

/* Begin PBXProject section */
		50099F002A2500F400F5218D /* Project object */ = {
			isa = PBXProject;
			attributes = {
				BuildIndependentTargetsInParallel = 1;
				LastSwiftUpdateCheck = 1430;
				LastUpgradeCheck = 1420;
				TargetAttributes = {
					50099F072A2500F400F5218D = {
						CreatedOnToolsVersion = 14.2;
					};
					DB7303822A27CEC600C55FB4 = {
						CreatedOnToolsVersion = 14.3;
						TestTargetID = 50099F072A2500F400F5218D;
					};
					DBAA28302A27E007009AFEA5 = {
						CreatedOnToolsVersion = 14.3;
						TestTargetID = 50099F072A2500F400F5218D;
					};
				};
			};
			buildConfigurationList = 50099F032A2500F400F5218D /* Build configuration list for PBXProject "RAY" */;
			compatibilityVersion = "Xcode 14.0";
			developmentRegion = en;
			hasScannedForEncodings = 0;
			knownRegions = (
				en,
				Base,
			);
			mainGroup = 50099EFF2A2500F400F5218D;
			productRefGroup = 50099F092A2500F400F5218D /* Products */;
			projectDirPath = "";
			projectRoot = "";
			targets = (
				50099F072A2500F400F5218D /* RAY */,
				DB7303822A27CEC600C55FB4 /* RAYTests */,
				DBAA28302A27E007009AFEA5 /* RAYUITests */,
			);
		};
/* End PBXProject section */

/* Begin PBXResourcesBuildPhase section */
		50099F062A2500F400F5218D /* Resources */ = {
			isa = PBXResourcesBuildPhase;
			buildActionMask = 2147483647;
			files = (
				50099F182A2500F700F5218D /* LaunchScreen.storyboard in Resources */,
				50099F152A2500F700F5218D /* Assets.xcassets in Resources */,
			);
			runOnlyForDeploymentPostprocessing = 0;
		};
		DB7303812A27CEC600C55FB4 /* Resources */ = {
			isa = PBXResourcesBuildPhase;
			buildActionMask = 2147483647;
			files = (
			);
			runOnlyForDeploymentPostprocessing = 0;
		};
		DBAA282F2A27E007009AFEA5 /* Resources */ = {
			isa = PBXResourcesBuildPhase;
			buildActionMask = 2147483647;
			files = (
			);
			runOnlyForDeploymentPostprocessing = 0;
		};
/* End PBXResourcesBuildPhase section */

/* Begin PBXSourcesBuildPhase section */
		50099F042A2500F400F5218D /* Sources */ = {
			isa = PBXSourcesBuildPhase;
			buildActionMask = 2147483647;
			files = (
				DB68462E2A271A29006BB3A5 /* Dynamic.swift in Sources */,
				DB6846332A272ECC006BB3A5 /* FavoritesPageViewModel.swift in Sources */,
				DB68463E2A27635F006BB3A5 /* Deque + LL.swift in Sources */,
				DB7303942A27D90B00C55FB4 /* URLSessionDataTask.swift in Sources */,
				DB5A88942A2681FF0091F6EA /* NetworkService.swift in Sources */,
				DB5A888D2A2675700091F6EA /* MainPageViewModel.swift in Sources */,
				508DDBD52A25D13B004414AD /* AppCoordinator.swift in Sources */,
				DB5A888A2A266FBE0091F6EA /* MainPageView.swift in Sources */,
				50099F102A2500F400F5218D /* MainPage.swift in Sources */,
				DB5A88992A268D1B0091F6EA /* FileService.swift in Sources */,
				DB5A888F2A2675AE0091F6EA /* MainPageViewModelProtocol.swift in Sources */,
				50099F0C2A2500F400F5218D /* AppDelegate.swift in Sources */,
				508DDBDA2A25D4FD004414AD /* VCFactory.swift in Sources */,
				DB6846352A272ED5006BB3A5 /* FavoritesPageViewModelProtocol.swift in Sources */,
				DB5A88972A2689850091F6EA /* DownloadResult.swift in Sources */,
				DB6846372A273482006BB3A5 /* FavoritesTableViewCell.swift in Sources */,
				DB68463A2A27602C006BB3A5 /* Favorite.swift in Sources */,
				508DDBD72A25D312004414AD /* FavoritesPage.swift in Sources */,
				DB68463C2A2762A0006BB3A5 /* FavoriteEnviroment.swift in Sources */,
				508DDBD32A25D0E5004414AD /* CoordinatorProtocol.swift in Sources */,
			);
			runOnlyForDeploymentPostprocessing = 0;
		};
		DB73037F2A27CEC600C55FB4 /* Sources */ = {
			isa = PBXSourcesBuildPhase;
			buildActionMask = 2147483647;
			files = (
				DB73038D2A27D31200C55FB4 /* MockNetworkService.swift in Sources */,
				DB7303862A27CEC600C55FB4 /* RAYTests.swift in Sources */,
				DB73038F2A27D32B00C55FB4 /* MockFavoriteEnviroment.swift in Sources */,
				DB7303912A27D42F00C55FB4 /* MockFileService.swift in Sources */,
			);
			runOnlyForDeploymentPostprocessing = 0;
		};
		DBAA282D2A27E007009AFEA5 /* Sources */ = {
			isa = PBXSourcesBuildPhase;
			buildActionMask = 2147483647;
			files = (
				DBAA28342A27E007009AFEA5 /* RAYUITests.swift in Sources */,
				DBAA28362A27E007009AFEA5 /* RAYUITestsLaunchTests.swift in Sources */,
			);
			runOnlyForDeploymentPostprocessing = 0;
		};
/* End PBXSourcesBuildPhase section */

/* Begin PBXTargetDependency section */
		DB7303882A27CEC600C55FB4 /* PBXTargetDependency */ = {
			isa = PBXTargetDependency;
			target = 50099F072A2500F400F5218D /* RAY */;
			targetProxy = DB7303872A27CEC600C55FB4 /* PBXContainerItemProxy */;
		};
		DBAA28382A27E007009AFEA5 /* PBXTargetDependency */ = {
			isa = PBXTargetDependency;
			target = 50099F072A2500F400F5218D /* RAY */;
			targetProxy = DBAA28372A27E007009AFEA5 /* PBXContainerItemProxy */;
		};
/* End PBXTargetDependency section */

/* Begin PBXVariantGroup section */
		50099F162A2500F700F5218D /* LaunchScreen.storyboard */ = {
			isa = PBXVariantGroup;
			children = (
				50099F172A2500F700F5218D /* Base */,
			);
			name = LaunchScreen.storyboard;
			sourceTree = "<group>";
		};
/* End PBXVariantGroup section */

/* Begin XCBuildConfiguration section */
		50099F1A2A2500F700F5218D /* Debug */ = {
			isa = XCBuildConfiguration;
			buildSettings = {
				ALWAYS_SEARCH_USER_PATHS = NO;
				CLANG_ANALYZER_NONNULL = YES;
				CLANG_ANALYZER_NUMBER_OBJECT_CONVERSION = YES_AGGRESSIVE;
				CLANG_CXX_LANGUAGE_STANDARD = "gnu++20";
				CLANG_ENABLE_MODULES = YES;
				CLANG_ENABLE_OBJC_ARC = YES;
				CLANG_ENABLE_OBJC_WEAK = YES;
				CLANG_WARN_BLOCK_CAPTURE_AUTORELEASING = YES;
				CLANG_WARN_BOOL_CONVERSION = YES;
				CLANG_WARN_COMMA = YES;
				CLANG_WARN_CONSTANT_CONVERSION = YES;
				CLANG_WARN_DEPRECATED_OBJC_IMPLEMENTATIONS = YES;
				CLANG_WARN_DIRECT_OBJC_ISA_USAGE = YES_ERROR;
				CLANG_WARN_DOCUMENTATION_COMMENTS = YES;
				CLANG_WARN_EMPTY_BODY = YES;
				CLANG_WARN_ENUM_CONVERSION = YES;
				CLANG_WARN_INFINITE_RECURSION = YES;
				CLANG_WARN_INT_CONVERSION = YES;
				CLANG_WARN_NON_LITERAL_NULL_CONVERSION = YES;
				CLANG_WARN_OBJC_IMPLICIT_RETAIN_SELF = YES;
				CLANG_WARN_OBJC_LITERAL_CONVERSION = YES;
				CLANG_WARN_OBJC_ROOT_CLASS = YES_ERROR;
				CLANG_WARN_QUOTED_INCLUDE_IN_FRAMEWORK_HEADER = YES;
				CLANG_WARN_RANGE_LOOP_ANALYSIS = YES;
				CLANG_WARN_STRICT_PROTOTYPES = YES;
				CLANG_WARN_SUSPICIOUS_MOVE = YES;
				CLANG_WARN_UNGUARDED_AVAILABILITY = YES_AGGRESSIVE;
				CLANG_WARN_UNREACHABLE_CODE = YES;
				CLANG_WARN__DUPLICATE_METHOD_MATCH = YES;
				COPY_PHASE_STRIP = NO;
				DEBUG_INFORMATION_FORMAT = dwarf;
				ENABLE_STRICT_OBJC_MSGSEND = YES;
				ENABLE_TESTABILITY = YES;
				GCC_C_LANGUAGE_STANDARD = gnu11;
				GCC_DYNAMIC_NO_PIC = NO;
				GCC_NO_COMMON_BLOCKS = YES;
				GCC_OPTIMIZATION_LEVEL = 0;
				GCC_PREPROCESSOR_DEFINITIONS = (
					"DEBUG=1",
					"$(inherited)",
				);
				GCC_WARN_64_TO_32_BIT_CONVERSION = YES;
				GCC_WARN_ABOUT_RETURN_TYPE = YES_ERROR;
				GCC_WARN_UNDECLARED_SELECTOR = YES;
				GCC_WARN_UNINITIALIZED_AUTOS = YES_AGGRESSIVE;
				GCC_WARN_UNUSED_FUNCTION = YES;
				GCC_WARN_UNUSED_VARIABLE = YES;
				IPHONEOS_DEPLOYMENT_TARGET = 16.2;
				MTL_ENABLE_DEBUG_INFO = INCLUDE_SOURCE;
				MTL_FAST_MATH = YES;
				ONLY_ACTIVE_ARCH = YES;
				SDKROOT = iphoneos;
				SWIFT_ACTIVE_COMPILATION_CONDITIONS = DEBUG;
				SWIFT_OPTIMIZATION_LEVEL = "-Onone";
			};
			name = Debug;
		};
		50099F1B2A2500F700F5218D /* Release */ = {
			isa = XCBuildConfiguration;
			buildSettings = {
				ALWAYS_SEARCH_USER_PATHS = NO;
				CLANG_ANALYZER_NONNULL = YES;
				CLANG_ANALYZER_NUMBER_OBJECT_CONVERSION = YES_AGGRESSIVE;
				CLANG_CXX_LANGUAGE_STANDARD = "gnu++20";
				CLANG_ENABLE_MODULES = YES;
				CLANG_ENABLE_OBJC_ARC = YES;
				CLANG_ENABLE_OBJC_WEAK = YES;
				CLANG_WARN_BLOCK_CAPTURE_AUTORELEASING = YES;
				CLANG_WARN_BOOL_CONVERSION = YES;
				CLANG_WARN_COMMA = YES;
				CLANG_WARN_CONSTANT_CONVERSION = YES;
				CLANG_WARN_DEPRECATED_OBJC_IMPLEMENTATIONS = YES;
				CLANG_WARN_DIRECT_OBJC_ISA_USAGE = YES_ERROR;
				CLANG_WARN_DOCUMENTATION_COMMENTS = YES;
				CLANG_WARN_EMPTY_BODY = YES;
				CLANG_WARN_ENUM_CONVERSION = YES;
				CLANG_WARN_INFINITE_RECURSION = YES;
				CLANG_WARN_INT_CONVERSION = YES;
				CLANG_WARN_NON_LITERAL_NULL_CONVERSION = YES;
				CLANG_WARN_OBJC_IMPLICIT_RETAIN_SELF = YES;
				CLANG_WARN_OBJC_LITERAL_CONVERSION = YES;
				CLANG_WARN_OBJC_ROOT_CLASS = YES_ERROR;
				CLANG_WARN_QUOTED_INCLUDE_IN_FRAMEWORK_HEADER = YES;
				CLANG_WARN_RANGE_LOOP_ANALYSIS = YES;
				CLANG_WARN_STRICT_PROTOTYPES = YES;
				CLANG_WARN_SUSPICIOUS_MOVE = YES;
				CLANG_WARN_UNGUARDED_AVAILABILITY = YES_AGGRESSIVE;
				CLANG_WARN_UNREACHABLE_CODE = YES;
				CLANG_WARN__DUPLICATE_METHOD_MATCH = YES;
				COPY_PHASE_STRIP = NO;
				DEBUG_INFORMATION_FORMAT = "dwarf-with-dsym";
				ENABLE_NS_ASSERTIONS = NO;
				ENABLE_STRICT_OBJC_MSGSEND = YES;
				GCC_C_LANGUAGE_STANDARD = gnu11;
				GCC_NO_COMMON_BLOCKS = YES;
				GCC_WARN_64_TO_32_BIT_CONVERSION = YES;
				GCC_WARN_ABOUT_RETURN_TYPE = YES_ERROR;
				GCC_WARN_UNDECLARED_SELECTOR = YES;
				GCC_WARN_UNINITIALIZED_AUTOS = YES_AGGRESSIVE;
				GCC_WARN_UNUSED_FUNCTION = YES;
				GCC_WARN_UNUSED_VARIABLE = YES;
				IPHONEOS_DEPLOYMENT_TARGET = 16.2;
				MTL_ENABLE_DEBUG_INFO = NO;
				MTL_FAST_MATH = YES;
				SDKROOT = iphoneos;
				SWIFT_COMPILATION_MODE = wholemodule;
				SWIFT_OPTIMIZATION_LEVEL = "-O";
				VALIDATE_PRODUCT = YES;
			};
			name = Release;
		};
		50099F1D2A2500F700F5218D /* Debug */ = {
			isa = XCBuildConfiguration;
			buildSettings = {
				ASSETCATALOG_COMPILER_APPICON_NAME = AppIcon;
				ASSETCATALOG_COMPILER_GLOBAL_ACCENT_COLOR_NAME = AccentColor;
				CODE_SIGN_STYLE = Automatic;
				CURRENT_PROJECT_VERSION = 1;
				DEVELOPMENT_TEAM = XY6SZA6T93;
				GENERATE_INFOPLIST_FILE = YES;
				INFOPLIST_FILE = RAY/Info.plist;
				INFOPLIST_KEY_UIApplicationSupportsIndirectInputEvents = YES;
				INFOPLIST_KEY_UILaunchStoryboardName = LaunchScreen;
				INFOPLIST_KEY_UISupportedInterfaceOrientations = UIInterfaceOrientationPortrait;
				INFOPLIST_KEY_UISupportedInterfaceOrientations_iPad = "UIInterfaceOrientationPortrait UIInterfaceOrientationPortraitUpsideDown";
				IPHONEOS_DEPLOYMENT_TARGET = 12.0;
				LD_RUNPATH_SEARCH_PATHS = (
					"$(inherited)",
					"@executable_path/Frameworks",
				);
				MARKETING_VERSION = 1.0;
				PRODUCT_BUNDLE_IDENTIFIER = "com.gimpastrike-gmail.RAY";
				PRODUCT_NAME = "$(TARGET_NAME)";
				SWIFT_EMIT_LOC_STRINGS = YES;
				SWIFT_VERSION = 5.0;
				TARGETED_DEVICE_FAMILY = "1,2";
			};
			name = Debug;
		};
		50099F1E2A2500F700F5218D /* Release */ = {
			isa = XCBuildConfiguration;
			buildSettings = {
				ASSETCATALOG_COMPILER_APPICON_NAME = AppIcon;
				ASSETCATALOG_COMPILER_GLOBAL_ACCENT_COLOR_NAME = AccentColor;
				CODE_SIGN_STYLE = Automatic;
				CURRENT_PROJECT_VERSION = 1;
				DEVELOPMENT_TEAM = XY6SZA6T93;
				GENERATE_INFOPLIST_FILE = YES;
				INFOPLIST_FILE = RAY/Info.plist;
				INFOPLIST_KEY_UIApplicationSupportsIndirectInputEvents = YES;
				INFOPLIST_KEY_UILaunchStoryboardName = LaunchScreen;
				INFOPLIST_KEY_UISupportedInterfaceOrientations = UIInterfaceOrientationPortrait;
				INFOPLIST_KEY_UISupportedInterfaceOrientations_iPad = "UIInterfaceOrientationPortrait UIInterfaceOrientationPortraitUpsideDown";
				IPHONEOS_DEPLOYMENT_TARGET = 12.0;
				LD_RUNPATH_SEARCH_PATHS = (
					"$(inherited)",
					"@executable_path/Frameworks",
				);
				MARKETING_VERSION = 1.0;
				PRODUCT_BUNDLE_IDENTIFIER = "com.gimpastrike-gmail.RAY";
				PRODUCT_NAME = "$(TARGET_NAME)";
				SWIFT_EMIT_LOC_STRINGS = YES;
				SWIFT_VERSION = 5.0;
				TARGETED_DEVICE_FAMILY = "1,2";
			};
			name = Release;
		};
		DB73038A2A27CEC600C55FB4 /* Debug */ = {
			isa = XCBuildConfiguration;
			buildSettings = {
				BUNDLE_LOADER = "$(TEST_HOST)";
				CODE_SIGN_STYLE = Automatic;
				CURRENT_PROJECT_VERSION = 1;
				DEVELOPMENT_TEAM = XY6SZA6T93;
				GENERATE_INFOPLIST_FILE = YES;
				IPHONEOS_DEPLOYMENT_TARGET = 12.0;
				MARKETING_VERSION = 1.0;
				PRODUCT_BUNDLE_IDENTIFIER = com.gimpastrike.RAYTests;
				PRODUCT_NAME = "$(TARGET_NAME)";
				SWIFT_EMIT_LOC_STRINGS = NO;
				SWIFT_VERSION = 5.0;
				TARGETED_DEVICE_FAMILY = "1,2";
				TEST_HOST = "$(BUILT_PRODUCTS_DIR)/RAY.app/$(BUNDLE_EXECUTABLE_FOLDER_PATH)/RAY";
			};
			name = Debug;
		};
		DB73038B2A27CEC600C55FB4 /* Release */ = {
			isa = XCBuildConfiguration;
			buildSettings = {
				BUNDLE_LOADER = "$(TEST_HOST)";
				CODE_SIGN_STYLE = Automatic;
				CURRENT_PROJECT_VERSION = 1;
				DEVELOPMENT_TEAM = XY6SZA6T93;
				GENERATE_INFOPLIST_FILE = YES;
				IPHONEOS_DEPLOYMENT_TARGET = 12.0;
				MARKETING_VERSION = 1.0;
				PRODUCT_BUNDLE_IDENTIFIER = com.gimpastrike.RAYTests;
				PRODUCT_NAME = "$(TARGET_NAME)";
				SWIFT_EMIT_LOC_STRINGS = NO;
				SWIFT_VERSION = 5.0;
				TARGETED_DEVICE_FAMILY = "1,2";
				TEST_HOST = "$(BUILT_PRODUCTS_DIR)/RAY.app/$(BUNDLE_EXECUTABLE_FOLDER_PATH)/RAY";
			};
			name = Release;
		};
		DBAA283A2A27E007009AFEA5 /* Debug */ = {
			isa = XCBuildConfiguration;
			buildSettings = {
				CODE_SIGN_STYLE = Automatic;
				CURRENT_PROJECT_VERSION = 1;
				DEVELOPMENT_TEAM = XY6SZA6T93;
				GENERATE_INFOPLIST_FILE = YES;
				IPHONEOS_DEPLOYMENT_TARGET = 12.0;
				MARKETING_VERSION = 1.0;
				PRODUCT_BUNDLE_IDENTIFIER = com.gimpastrike.RAYUITests;
				PRODUCT_NAME = "$(TARGET_NAME)";
				SWIFT_EMIT_LOC_STRINGS = NO;
				SWIFT_VERSION = 5.0;
				TARGETED_DEVICE_FAMILY = "1,2";
				TEST_TARGET_NAME = RAY;
			};
			name = Debug;
		};
		DBAA283B2A27E007009AFEA5 /* Release */ = {
			isa = XCBuildConfiguration;
			buildSettings = {
				CODE_SIGN_STYLE = Automatic;
				CURRENT_PROJECT_VERSION = 1;
				DEVELOPMENT_TEAM = XY6SZA6T93;
				GENERATE_INFOPLIST_FILE = YES;
				IPHONEOS_DEPLOYMENT_TARGET = 12.0;
				MARKETING_VERSION = 1.0;
				PRODUCT_BUNDLE_IDENTIFIER = com.gimpastrike.RAYUITests;
				PRODUCT_NAME = "$(TARGET_NAME)";
				SWIFT_EMIT_LOC_STRINGS = NO;
				SWIFT_VERSION = 5.0;
				TARGETED_DEVICE_FAMILY = "1,2";
				TEST_TARGET_NAME = RAY;
			};
			name = Release;
		};
/* End XCBuildConfiguration section */

/* Begin XCConfigurationList section */
		50099F032A2500F400F5218D /* Build configuration list for PBXProject "RAY" */ = {
			isa = XCConfigurationList;
			buildConfigurations = (
				50099F1A2A2500F700F5218D /* Debug */,
				50099F1B2A2500F700F5218D /* Release */,
			);
			defaultConfigurationIsVisible = 0;
			defaultConfigurationName = Release;
		};
		50099F1C2A2500F700F5218D /* Build configuration list for PBXNativeTarget "RAY" */ = {
			isa = XCConfigurationList;
			buildConfigurations = (
				50099F1D2A2500F700F5218D /* Debug */,
				50099F1E2A2500F700F5218D /* Release */,
			);
			defaultConfigurationIsVisible = 0;
			defaultConfigurationName = Release;
		};
		DB7303892A27CEC600C55FB4 /* Build configuration list for PBXNativeTarget "RAYTests" */ = {
			isa = XCConfigurationList;
			buildConfigurations = (
				DB73038A2A27CEC600C55FB4 /* Debug */,
				DB73038B2A27CEC600C55FB4 /* Release */,
			);
			defaultConfigurationIsVisible = 0;
			defaultConfigurationName = Release;
		};
		DBAA28392A27E007009AFEA5 /* Build configuration list for PBXNativeTarget "RAYUITests" */ = {
			isa = XCConfigurationList;
			buildConfigurations = (
				DBAA283A2A27E007009AFEA5 /* Debug */,
				DBAA283B2A27E007009AFEA5 /* Release */,
			);
			defaultConfigurationIsVisible = 0;
			defaultConfigurationName = Release;
		};
/* End XCConfigurationList section */
	};
	rootObject = 50099F002A2500F400F5218D /* Project object */;
}
